
Microsoft Visual Studio Solution File, Format Version 12.00
# Visual Studio 15
VisualStudioVersion = 15.0.27130.2026
MinimumVisualStudioVersion = 10.0.40219.1
Project("{FAE04EC0-301F-11D3-BF4B-00C04F79EFBC}") = "Vidly", "Vidly\Vidly.csproj", "{7FD3D765-7A50-4F1C-A64B-D4ED18F31882}"
EndProject
Global
	GlobalSection(SolutionConfigurationPlatforms) = preSolution
		Debug|Any CPU = Debug|Any CPU
		Release|Any CPU = Release|Any CPU
	EndGlobalSection
	GlobalSection(ProjectConfigurationPlatforms) = postSolution
		{7FD3D765-7A50-4F1C-A64B-D4ED18F31882}.Debug|Any CPU.ActiveCfg = Debug|Any CPU
		{7FD3D765-7A50-4F1C-A64B-D4ED18F31882}.Debug|Any CPU.Build.0 = Debug|Any CPU
		{7FD3D765-7A50-4F1C-A64B-D4ED18F31882}.Release|Any CPU.ActiveCfg = Release|Any CPU
		{7FD3D765-7A50-4F1C-A64B-D4ED18F31882}.Release|Any CPU.Build.0 = Release|Any CPU
	EndGlobalSection
	GlobalSection(SolutionProperties) = preSolution
		HideSolutionNode = FALSE
	EndGlobalSection
	GlobalSection(ExtensibilityGlobals) = postSolution
		SolutionGuid = {0C873C57-EF51-4361-BDFA-55798E1F5174}
	EndGlobalSection
EndGlobal
